
Microsoft Visual Studio Solution File, Format Version 12.00
# Visual Studio Version 17
VisualStudioVersion = 17.1.32228.430
MinimumVisualStudioVersion = 10.0.40219.1
Project("{FAE04EC0-301F-11D3-BF4B-00C04F79EFBC}") = "Basics", "Basics\Basics.csproj", "{7C02D00C-AFB4-4851-99E1-B966EE18FBD4}"
EndProject
Project("{FAE04EC0-301F-11D3-BF4B-00C04F79EFBC}") = "Tests", "Tests\Tests.csproj", "{1CE01A18-C954-4258-9D4B-25C79DF5E264}"
EndProject
Global
	GlobalSection(SolutionConfigurationPlatforms) = preSolution
		Debug|Any CPU = Debug|Any CPU
		Release|Any CPU = Release|Any CPU
	EndGlobalSection
	GlobalSection(ProjectConfigurationPlatforms) = postSolution
		{7C02D00C-AFB4-4851-99E1-B966EE18FBD4}.Debug|Any CPU.ActiveCfg = Debug|Any CPU
		{7C02D00C-AFB4-4851-99E1-B966EE18FBD4}.Debug|Any CPU.Build.0 = Debug|Any CPU
		{7C02D00C-AFB4-4851-99E1-B966EE18FBD4}.Release|Any CPU.ActiveCfg = Release|Any CPU
		{7C02D00C-AFB4-4851-99E1-B966EE18FBD4}.Release|Any CPU.Build.0 = Release|Any CPU
		{1CE01A18-C954-4258-9D4B-25C79DF5E264}.Debug|Any CPU.ActiveCfg = Debug|Any CPU
		{1CE01A18-C954-4258-9D4B-25C79DF5E264}.Debug|Any CPU.Build.0 = Debug|Any CPU
		{1CE01A18-C954-4258-9D4B-25C79DF5E264}.Release|Any CPU.ActiveCfg = Release|Any CPU
		{1CE01A18-C954-4258-9D4B-25C79DF5E264}.Release|Any CPU.Build.0 = Release|Any CPU
	EndGlobalSection
	GlobalSection(SolutionProperties) = preSolution
		HideSolutionNode = FALSE
	EndGlobalSection
	GlobalSection(ExtensibilityGlobals) = postSolution
		SolutionGuid = {DA58D3C4-7CBB-448F-B8FB-2F9527B02A62}
	EndGlobalSection
EndGlobal
