
Microsoft Visual Studio Solution File, Format Version 12.00
# Visual Studio Version 17
VisualStudioVersion = 17.1.32228.430
MinimumVisualStudioVersion = 10.0.40219.1
Project("{9A19103F-16F7-4668-BE54-9A1E7A4F7556}") = "Farm", "Farm\Farm.csproj", "{B005942E-A88B-4F50-9581-3EF487065E67}"
EndProject
Project("{9A19103F-16F7-4668-BE54-9A1E7A4F7556}") = "CustomRandomList", "CustomRandomList\CustomRandomList.csproj", "{2E77C333-F960-4147-A33A-5F9BE68162E7}"
EndProject
Project("{FAE04EC0-301F-11D3-BF4B-00C04F79EFBC}") = "CustomStack", "CustomStack\CustomStack.csproj", "{35E1F45E-197C-4E62-9525-C1734F6706FE}"
EndProject
Project("{FAE04EC0-301F-11D3-BF4B-00C04F79EFBC}") = "Person", "Person\Person.csproj", "{9B5D20BE-5B58-4B6D-8B31-8F1D013CE58F}"
EndProject
Global
	GlobalSection(SolutionConfigurationPlatforms) = preSolution
		Debug|Any CPU = Debug|Any CPU
		Release|Any CPU = Release|Any CPU
	EndGlobalSection
	GlobalSection(ProjectConfigurationPlatforms) = postSolution
		{B005942E-A88B-4F50-9581-3EF487065E67}.Debug|Any CPU.ActiveCfg = Debug|Any CPU
		{B005942E-A88B-4F50-9581-3EF487065E67}.Debug|Any CPU.Build.0 = Debug|Any CPU
		{B005942E-A88B-4F50-9581-3EF487065E67}.Release|Any CPU.ActiveCfg = Release|Any CPU
		{B005942E-A88B-4F50-9581-3EF487065E67}.Release|Any CPU.Build.0 = Release|Any CPU
		{2E77C333-F960-4147-A33A-5F9BE68162E7}.Debug|Any CPU.ActiveCfg = Debug|Any CPU
		{2E77C333-F960-4147-A33A-5F9BE68162E7}.Debug|Any CPU.Build.0 = Debug|Any CPU
		{2E77C333-F960-4147-A33A-5F9BE68162E7}.Release|Any CPU.ActiveCfg = Release|Any CPU
		{2E77C333-F960-4147-A33A-5F9BE68162E7}.Release|Any CPU.Build.0 = Release|Any CPU
		{35E1F45E-197C-4E62-9525-C1734F6706FE}.Debug|Any CPU.ActiveCfg = Debug|Any CPU
		{35E1F45E-197C-4E62-9525-C1734F6706FE}.Debug|Any CPU.Build.0 = Debug|Any CPU
		{35E1F45E-197C-4E62-9525-C1734F6706FE}.Release|Any CPU.ActiveCfg = Release|Any CPU
		{35E1F45E-197C-4E62-9525-C1734F6706FE}.Release|Any CPU.Build.0 = Release|Any CPU
		{9B5D20BE-5B58-4B6D-8B31-8F1D013CE58F}.Debug|Any CPU.ActiveCfg = Debug|Any CPU
		{9B5D20BE-5B58-4B6D-8B31-8F1D013CE58F}.Debug|Any CPU.Build.0 = Debug|Any CPU
		{9B5D20BE-5B58-4B6D-8B31-8F1D013CE58F}.Release|Any CPU.ActiveCfg = Release|Any CPU
		{9B5D20BE-5B58-4B6D-8B31-8F1D013CE58F}.Release|Any CPU.Build.0 = Release|Any CPU
	EndGlobalSection
	GlobalSection(SolutionProperties) = preSolution
		HideSolutionNode = FALSE
	EndGlobalSection
	GlobalSection(ExtensibilityGlobals) = postSolution
		SolutionGuid = {4627AEFF-F770-488F-8996-38AF512D1C93}
	EndGlobalSection
EndGlobal
